
Microsoft Visual Studio Solution File, Format Version 12.00
# Visual Studio Version 16
VisualStudioVersion = 16.0.31005.135
MinimumVisualStudioVersion = 10.0.40219.1
Project("{FAE04EC0-301F-11D3-BF4B-00C04F79EFBC}") = "VSIXProject1", "VSIXProject1\VSIXProject1.csproj", "{BDDEA9AD-C081-440D-8AB0-3784E55F5CB3}"
EndProject
Global
	GlobalSection(SolutionConfigurationPlatforms) = preSolution
		Debug|Any CPU = Debug|Any CPU
		Release|Any CPU = Release|Any CPU
	EndGlobalSection
	GlobalSection(ProjectConfigurationPlatforms) = postSolution
		{BDDEA9AD-C081-440D-8AB0-3784E55F5CB3}.Debug|Any CPU.ActiveCfg = Debug|Any CPU
		{BDDEA9AD-C081-440D-8AB0-3784E55F5CB3}.Debug|Any CPU.Build.0 = Debug|Any CPU
		{BDDEA9AD-C081-440D-8AB0-3784E55F5CB3}.Release|Any CPU.ActiveCfg = Release|Any CPU
		{BDDEA9AD-C081-440D-8AB0-3784E55F5CB3}.Release|Any CPU.Build.0 = Release|Any CPU
	EndGlobalSection
	GlobalSection(SolutionProperties) = preSolution
		HideSolutionNode = FALSE
	EndGlobalSection
	GlobalSection(ExtensibilityGlobals) = postSolution
		SolutionGuid = {5BA41CD9-A02B-44B3-9ECB-9DE0DA873BA2}
	EndGlobalSection
EndGlobal
